<?xml version="1.0" encoding="utf-8"?>
<Project ToolsVersion="4.0" xmlns="http://schemas.microsoft.com/developer/msbuild/2003">
  <ItemGroup>
    <Filter Include="header files">
      <UniqueIdentifier>{ef378d85-16c0-4d7f-a03c-3ff1bc62677c}</UniqueIdentifier>
    </Filter>
    <Filter Include="source files">
      <UniqueIdentifier>{d8fc337b-9e0a-4ea6-822d-65ff4f4d0123}</UniqueIdentifier>
    </Filter>
  </ItemGroup>
</Project>